
Microsoft Visual Studio Solution File, Format Version 12.00
# Visual Studio Version 16
VisualStudioVersion = 16.0.28922.388
MinimumVisualStudioVersion = 10.0.40219.1
Project("{FAE04EC0-301F-11D3-BF4B-00C04F79EFBC}") = "Matrizes", "Matrizes.csproj", "{98CAA94B-5A7A-4024-B207-372E7EA6928D}"
EndProject
Global
	GlobalSection(SolutionConfigurationPlatforms) = preSolution
		Debug|Any CPU = Debug|Any CPU
		Release|Any CPU = Release|Any CPU
	EndGlobalSection
	GlobalSection(ProjectConfigurationPlatforms) = postSolution
		{98CAA94B-5A7A-4024-B207-372E7EA6928D}.Debug|Any CPU.ActiveCfg = Debug|Any CPU
		{98CAA94B-5A7A-4024-B207-372E7EA6928D}.Debug|Any CPU.Build.0 = Debug|Any CPU
		{98CAA94B-5A7A-4024-B207-372E7EA6928D}.Release|Any CPU.ActiveCfg = Release|Any CPU
		{98CAA94B-5A7A-4024-B207-372E7EA6928D}.Release|Any CPU.Build.0 = Release|Any CPU
	EndGlobalSection
	GlobalSection(SolutionProperties) = preSolution
		HideSolutionNode = FALSE
	EndGlobalSection
	GlobalSection(ExtensibilityGlobals) = postSolution
		SolutionGuid = {E3D6F314-1759-429D-AE96-398F98065E5E}
	EndGlobalSection
EndGlobal
